// !$*UTF8*$!
{
	archiveVersion = 1;
	classes = {
	};
	objectVersion = 50;
	objects = {

/* Begin PBXBuildFile section */
		6781A4B520922296000F0C80 /* Tabbar.storyboard in Resources */ = {isa = PBXBuildFile; fileRef = 6781A4B420922296000F0C80 /* Tabbar.storyboard */; };
		6781A4B720922360000F0C80 /* TabBar.swift in Sources */ = {isa = PBXBuildFile; fileRef = 6781A4B620922360000F0C80 /* TabBar.swift */; };
		6781A4B920922385000F0C80 /* Utils.swift in Sources */ = {isa = PBXBuildFile; fileRef = 6781A4B820922385000F0C80 /* Utils.swift */; };
		6781A4BB209223EC000F0C80 /* TabBarWireframe.swift in Sources */ = {isa = PBXBuildFile; fileRef = 6781A4BA209223EC000F0C80 /* TabBarWireframe.swift */; };
		6781A4BE20922ABB000F0C80 /* Map.storyboard in Resources */ = {isa = PBXBuildFile; fileRef = 6781A4BD20922ABA000F0C80 /* Map.storyboard */; };
		6781A4C020922ACA000F0C80 /* MapVC.swift in Sources */ = {isa = PBXBuildFile; fileRef = 6781A4BF20922ACA000F0C80 /* MapVC.swift */; };
		6781A4C320922BF8000F0C80 /* MapPresenter.swift in Sources */ = {isa = PBXBuildFile; fileRef = 6781A4C220922BF8000F0C80 /* MapPresenter.swift */; };
		6781A4C620930B1F000F0C80 /* HelpVC.swift in Sources */ = {isa = PBXBuildFile; fileRef = 6781A4C520930B1F000F0C80 /* HelpVC.swift */; };
		6781A4C820930B2E000F0C80 /* Help.storyboard in Resources */ = {isa = PBXBuildFile; fileRef = 6781A4C720930B2E000F0C80 /* Help.storyboard */; };
		6781A4CA20930C47000F0C80 /* Help.html in Resources */ = {isa = PBXBuildFile; fileRef = 6781A4C920930C47000F0C80 /* Help.html */; };
		6781A4CC20930F11000F0C80 /* styles.css in Resources */ = {isa = PBXBuildFile; fileRef = 6781A4CB20930F11000F0C80 /* styles.css */; };
		6781A4CE20930F90000F0C80 /* Details.storyboard in Resources */ = {isa = PBXBuildFile; fileRef = 6781A4CD20930F90000F0C80 /* Details.storyboard */; };
		6781A4D120930FB7000F0C80 /* DetailsVC.swift in Sources */ = {isa = PBXBuildFile; fileRef = 6781A4D020930FB7000F0C80 /* DetailsVC.swift */; };
		6781A4D320930FD2000F0C80 /* DetailsCell.swift in Sources */ = {isa = PBXBuildFile; fileRef = 6781A4D220930FD2000F0C80 /* DetailsCell.swift */; };
		6781A4D920931C8C000F0C80 /* DetailsPresenter.swift in Sources */ = {isa = PBXBuildFile; fileRef = 6781A4D820931C8C000F0C80 /* DetailsPresenter.swift */; };
		6781A4DB20931CE1000F0C80 /* DetailsCellModel.swift in Sources */ = {isa = PBXBuildFile; fileRef = 6781A4DA20931CE1000F0C80 /* DetailsCellModel.swift */; };
		6781A4DD2093259E000F0C80 /* DetailsWireframe.swift in Sources */ = {isa = PBXBuildFile; fileRef = 6781A4DC2093259E000F0C80 /* DetailsWireframe.swift */; };
		6781A5002093295A000F0C80 /* 801.jpg in Resources */ = {isa = PBXBuildFile; fileRef = 6781A4F520932959000F0C80 /* 801.jpg */; };
		6781A5012093295A000F0C80 /* snow.jpg in Resources */ = {isa = PBXBuildFile; fileRef = 6781A4F620932959000F0C80 /* snow.jpg */; };
		6781A5022093295A000F0C80 /* hurricane.jpg in Resources */ = {isa = PBXBuildFile; fileRef = 6781A4F720932959000F0C80 /* hurricane.jpg */; };
		6781A5032093295A000F0C80 /* tornado.jpg in Resources */ = {isa = PBXBuildFile; fileRef = 6781A4F820932959000F0C80 /* tornado.jpg */; };
		6781A5042093295A000F0C80 /* clouds.jpg in Resources */ = {isa = PBXBuildFile; fileRef = 6781A4F920932959000F0C80 /* clouds.jpg */; };
		6781A5052093295A000F0C80 /* rain.jpg in Resources */ = {isa = PBXBuildFile; fileRef = 6781A4FA20932959000F0C80 /* rain.jpg */; };
		6781A5062093295A000F0C80 /* sleet.jpg in Resources */ = {isa = PBXBuildFile; fileRef = 6781A4FB2093295A000F0C80 /* sleet.jpg */; };
		6781A5072093295A000F0C80 /* drizzle.jpg in Resources */ = {isa = PBXBuildFile; fileRef = 6781A4FC2093295A000F0C80 /* drizzle.jpg */; };
		6781A5082093295A000F0C80 /* atmosphere.jpg in Resources */ = {isa = PBXBuildFile; fileRef = 6781A4FD2093295A000F0C80 /* atmosphere.jpg */; };
		6781A5092093295A000F0C80 /* thunderstorm.jpg in Resources */ = {isa = PBXBuildFile; fileRef = 6781A4FE2093295A000F0C80 /* thunderstorm.jpg */; };
		6781A50A2093295A000F0C80 /* 800.jpg in Resources */ = {isa = PBXBuildFile; fileRef = 6781A4FF2093295A000F0C80 /* 800.jpg */; };
		67A86CDC2091CB1300223512 /* AppDelegate.swift in Sources */ = {isa = PBXBuildFile; fileRef = 67A86CDB2091CB1300223512 /* AppDelegate.swift */; };
		67A86CDE2091CB1300223512 /* HomeScreenVC.swift in Sources */ = {isa = PBXBuildFile; fileRef = 67A86CDD2091CB1300223512 /* HomeScreenVC.swift */; };
		67A86CE12091CB1300223512 /* Home.storyboard in Resources */ = {isa = PBXBuildFile; fileRef = 67A86CDF2091CB1300223512 /* Home.storyboard */; };
		67A86CE32091CB1400223512 /* Assets.xcassets in Resources */ = {isa = PBXBuildFile; fileRef = 67A86CE22091CB1400223512 /* Assets.xcassets */; };
		67A86CE62091CB1400223512 /* LaunchScreen.storyboard in Resources */ = {isa = PBXBuildFile; fileRef = 67A86CE42091CB1400223512 /* LaunchScreen.storyboard */; };
		67A86D002091CCAB00223512 /* NetworkManager.swift in Sources */ = {isa = PBXBuildFile; fileRef = 67A86CFF2091CCAB00223512 /* NetworkManager.swift */; };
		67A86D022091D2DC00223512 /* URLs.swift in Sources */ = {isa = PBXBuildFile; fileRef = 67A86D012091D2DC00223512 /* URLs.swift */; };
		67A86D042091D69400223512 /* Forecast.swift in Sources */ = {isa = PBXBuildFile; fileRef = 67A86D032091D69400223512 /* Forecast.swift */; };
		67A86D062091D91C00223512 /* Current.swift in Sources */ = {isa = PBXBuildFile; fileRef = 67A86D052091D91C00223512 /* Current.swift */; };
		67A86D082091DDC900223512 /* JsonParser.swift in Sources */ = {isa = PBXBuildFile; fileRef = 67A86D072091DDC900223512 /* JsonParser.swift */; };
		67A86D0A2091E98700223512 /* Forecast5.swift in Sources */ = {isa = PBXBuildFile; fileRef = 67A86D092091E98700223512 /* Forecast5.swift */; };
		67A86D0D2091F96F00223512 /* DatabaseManager.swift in Sources */ = {isa = PBXBuildFile; fileRef = 67A86D0C2091F96F00223512 /* DatabaseManager.swift */; };
		67A86D112091FA6000223512 /* CoreData.framework in Frameworks */ = {isa = PBXBuildFile; fileRef = 67A86D102091FA6000223512 /* CoreData.framework */; };
		67A86D142091FA7400223512 /* Main.xcdatamodeld in Sources */ = {isa = PBXBuildFile; fileRef = 67A86D122091FA7400223512 /* Main.xcdatamodeld */; };
		67A86D162091FC3400223512 /* ForecastRepository.swift in Sources */ = {isa = PBXBuildFile; fileRef = 67A86D152091FC3400223512 /* ForecastRepository.swift */; };
		67A86D1C209205E200223512 /* HomeUseCase.swift in Sources */ = {isa = PBXBuildFile; fileRef = 67A86D1B209205E200223512 /* HomeUseCase.swift */; };
		67A86D1E2092086000223512 /* UseCaseRequirements.swift in Sources */ = {isa = PBXBuildFile; fileRef = 67A86D1D2092086000223512 /* UseCaseRequirements.swift */; };
		67A86D202092089200223512 /* MapUseCase.swift in Sources */ = {isa = PBXBuildFile; fileRef = 67A86D1F2092089200223512 /* MapUseCase.swift */; };
		67A86D22209208EC00223512 /* DetailsUseCase.swift in Sources */ = {isa = PBXBuildFile; fileRef = 67A86D21209208EC00223512 /* DetailsUseCase.swift */; };
		67A86D252092130100223512 /* HomeScreenCell.swift in Sources */ = {isa = PBXBuildFile; fileRef = 67A86D242092130100223512 /* HomeScreenCell.swift */; };
		67A86D28209213E800223512 /* HomeScreenCellModel.swift in Sources */ = {isa = PBXBuildFile; fileRef = 67A86D27209213E800223512 /* HomeScreenCellModel.swift */; };
		67A86D2A209216D900223512 /* HomeScreenPresenter.swift in Sources */ = {isa = PBXBuildFile; fileRef = 67A86D29209216D900223512 /* HomeScreenPresenter.swift */; };
		67AB39AC20932DFF0006C453 /* DateFormatterManager.swift in Sources */ = {isa = PBXBuildFile; fileRef = 67AB39AB20932DFF0006C453 /* DateFormatterManager.swift */; };
		67AB39AE20933C620006C453 /* DetailsHeaderCell.swift in Sources */ = {isa = PBXBuildFile; fileRef = 67AB39AD20933C620006C453 /* DetailsHeaderCell.swift */; };
		67AB39B020934C480006C453 /* JsonParserTests.swift in Sources */ = {isa = PBXBuildFile; fileRef = 67AB39AF20934C480006C453 /* JsonParserTests.swift */; };
/* End PBXBuildFile section */

/* Begin PBXContainerItemProxy section */
		67A86CED2091CB1500223512 /* PBXContainerItemProxy */ = {
			isa = PBXContainerItemProxy;
			containerPortal = 67A86CD02091CB1200223512 /* Project object */;
			proxyType = 1;
			remoteGlobalIDString = 67A86CD72091CB1300223512;
			remoteInfo = Openweather;
		};
/* End PBXContainerItemProxy section */

/* Begin PBXFileReference section */
		6781A4B420922296000F0C80 /* Tabbar.storyboard */ = {isa = PBXFileReference; lastKnownFileType = file.storyboard; path = Tabbar.storyboard; sourceTree = "<group>"; };
		6781A4B620922360000F0C80 /* TabBar.swift */ = {isa = PBXFileReference; lastKnownFileType = sourcecode.swift; path = TabBar.swift; sourceTree = "<group>"; };
		6781A4B820922385000F0C80 /* Utils.swift */ = {isa = PBXFileReference; lastKnownFileType = sourcecode.swift; path = Utils.swift; sourceTree = "<group>"; };
		6781A4BA209223EC000F0C80 /* TabBarWireframe.swift */ = {isa = PBXFileReference; lastKnownFileType = sourcecode.swift; path = TabBarWireframe.swift; sourceTree = "<group>"; };
		6781A4BD20922ABA000F0C80 /* Map.storyboard */ = {isa = PBXFileReference; lastKnownFileType = file.storyboard; path = Map.storyboard; sourceTree = "<group>"; };
		6781A4BF20922ACA000F0C80 /* MapVC.swift */ = {isa = PBXFileReference; lastKnownFileType = sourcecode.swift; path = MapVC.swift; sourceTree = "<group>"; };
		6781A4C220922BF8000F0C80 /* MapPresenter.swift */ = {isa = PBXFileReference; lastKnownFileType = sourcecode.swift; path = MapPresenter.swift; sourceTree = "<group>"; };
		6781A4C520930B1F000F0C80 /* HelpVC.swift */ = {isa = PBXFileReference; lastKnownFileType = sourcecode.swift; path = HelpVC.swift; sourceTree = "<group>"; };
		6781A4C720930B2E000F0C80 /* Help.storyboard */ = {isa = PBXFileReference; lastKnownFileType = file.storyboard; path = Help.storyboard; sourceTree = "<group>"; };
		6781A4C920930C47000F0C80 /* Help.html */ = {isa = PBXFileReference; fileEncoding = 4; lastKnownFileType = text.html; path = Help.html; sourceTree = "<group>"; };
		6781A4CB20930F11000F0C80 /* styles.css */ = {isa = PBXFileReference; fileEncoding = 4; lastKnownFileType = text.css; path = styles.css; sourceTree = "<group>"; };
		6781A4CD20930F90000F0C80 /* Details.storyboard */ = {isa = PBXFileReference; lastKnownFileType = file.storyboard; path = Details.storyboard; sourceTree = "<group>"; };
		6781A4D020930FB7000F0C80 /* DetailsVC.swift */ = {isa = PBXFileReference; lastKnownFileType = sourcecode.swift; path = DetailsVC.swift; sourceTree = "<group>"; };
		6781A4D220930FD2000F0C80 /* DetailsCell.swift */ = {isa = PBXFileReference; lastKnownFileType = sourcecode.swift; path = DetailsCell.swift; sourceTree = "<group>"; };
		6781A4D820931C8C000F0C80 /* DetailsPresenter.swift */ = {isa = PBXFileReference; lastKnownFileType = sourcecode.swift; path = DetailsPresenter.swift; sourceTree = "<group>"; };
		6781A4DA20931CE1000F0C80 /* DetailsCellModel.swift */ = {isa = PBXFileReference; lastKnownFileType = sourcecode.swift; path = DetailsCellModel.swift; sourceTree = "<group>"; };
		6781A4DC2093259E000F0C80 /* DetailsWireframe.swift */ = {isa = PBXFileReference; lastKnownFileType = sourcecode.swift; path = DetailsWireframe.swift; sourceTree = "<group>"; };
		6781A4F520932959000F0C80 /* 801.jpg */ = {isa = PBXFileReference; lastKnownFileType = image.jpeg; name = 801.jpg; path = "Openweather/Resources/weather-bg/801.jpg"; sourceTree = SOURCE_ROOT; };
		6781A4F620932959000F0C80 /* snow.jpg */ = {isa = PBXFileReference; lastKnownFileType = image.jpeg; name = snow.jpg; path = "Openweather/Resources/weather-bg/snow.jpg"; sourceTree = SOURCE_ROOT; };
		6781A4F720932959000F0C80 /* hurricane.jpg */ = {isa = PBXFileReference; lastKnownFileType = image.jpeg; name = hurricane.jpg; path = "Openweather/Resources/weather-bg/hurricane.jpg"; sourceTree = SOURCE_ROOT; };
		6781A4F820932959000F0C80 /* tornado.jpg */ = {isa = PBXFileReference; lastKnownFileType = image.jpeg; name = tornado.jpg; path = "Openweather/Resources/weather-bg/tornado.jpg"; sourceTree = SOURCE_ROOT; };
		6781A4F920932959000F0C80 /* clouds.jpg */ = {isa = PBXFileReference; lastKnownFileType = image.jpeg; name = clouds.jpg; path = "Openweather/Resources/weather-bg/clouds.jpg"; sourceTree = SOURCE_ROOT; };
		6781A4FA20932959000F0C80 /* rain.jpg */ = {isa = PBXFileReference; lastKnownFileType = image.jpeg; name = rain.jpg; path = "Openweather/Resources/weather-bg/rain.jpg"; sourceTree = SOURCE_ROOT; };
		6781A4FB2093295A000F0C80 /* sleet.jpg */ = {isa = PBXFileReference; lastKnownFileType = image.jpeg; name = sleet.jpg; path = "Openweather/Resources/weather-bg/sleet.jpg"; sourceTree = SOURCE_ROOT; };
		6781A4FC2093295A000F0C80 /* drizzle.jpg */ = {isa = PBXFileReference; lastKnownFileType = image.jpeg; name = drizzle.jpg; path = "Openweather/Resources/weather-bg/drizzle.jpg"; sourceTree = SOURCE_ROOT; };
		6781A4FD2093295A000F0C80 /* atmosphere.jpg */ = {isa = PBXFileReference; lastKnownFileType = image.jpeg; name = atmosphere.jpg; path = "Openweather/Resources/weather-bg/atmosphere.jpg"; sourceTree = SOURCE_ROOT; };
		6781A4FE2093295A000F0C80 /* thunderstorm.jpg */ = {isa = PBXFileReference; lastKnownFileType = image.jpeg; name = thunderstorm.jpg; path = "Openweather/Resources/weather-bg/thunderstorm.jpg"; sourceTree = SOURCE_ROOT; };
		6781A4FF2093295A000F0C80 /* 800.jpg */ = {isa = PBXFileReference; lastKnownFileType = image.jpeg; name = 800.jpg; path = "Openweather/Resources/weather-bg/800.jpg"; sourceTree = SOURCE_ROOT; };
		67A86CD82091CB1300223512 /* Openweather.app */ = {isa = PBXFileReference; explicitFileType = wrapper.application; includeInIndex = 0; path = Openweather.app; sourceTree = BUILT_PRODUCTS_DIR; };
		67A86CDB2091CB1300223512 /* AppDelegate.swift */ = {isa = PBXFileReference; lastKnownFileType = sourcecode.swift; path = AppDelegate.swift; sourceTree = "<group>"; };
		67A86CDD2091CB1300223512 /* HomeScreenVC.swift */ = {isa = PBXFileReference; lastKnownFileType = sourcecode.swift; path = HomeScreenVC.swift; sourceTree = "<group>"; };
		67A86CE02091CB1300223512 /* Base */ = {isa = PBXFileReference; lastKnownFileType = file.storyboard; name = Base; path = Base.lproj/Home.storyboard; sourceTree = "<group>"; };
		67A86CE22091CB1400223512 /* Assets.xcassets */ = {isa = PBXFileReference; lastKnownFileType = folder.assetcatalog; path = Assets.xcassets; sourceTree = "<group>"; };
		67A86CE52091CB1400223512 /* Base */ = {isa = PBXFileReference; lastKnownFileType = file.storyboard; name = Base; path = Base.lproj/LaunchScreen.storyboard; sourceTree = "<group>"; };
		67A86CE72091CB1400223512 /* Info.plist */ = {isa = PBXFileReference; lastKnownFileType = text.plist.xml; path = Info.plist; sourceTree = "<group>"; };
		67A86CEC2091CB1500223512 /* OpenweatherTests.xctest */ = {isa = PBXFileReference; explicitFileType = wrapper.cfbundle; includeInIndex = 0; path = OpenweatherTests.xctest; sourceTree = BUILT_PRODUCTS_DIR; };
		67A86CF22091CB1500223512 /* Info.plist */ = {isa = PBXFileReference; lastKnownFileType = text.plist.xml; path = Info.plist; sourceTree = "<group>"; };
		67A86CFF2091CCAB00223512 /* NetworkManager.swift */ = {isa = PBXFileReference; lastKnownFileType = sourcecode.swift; path = NetworkManager.swift; sourceTree = "<group>"; };
		67A86D012091D2DC00223512 /* URLs.swift */ = {isa = PBXFileReference; lastKnownFileType = sourcecode.swift; path = URLs.swift; sourceTree = "<group>"; };
		67A86D032091D69400223512 /* Forecast.swift */ = {isa = PBXFileReference; lastKnownFileType = sourcecode.swift; path = Forecast.swift; sourceTree = "<group>"; };
		67A86D052091D91C00223512 /* Current.swift */ = {isa = PBXFileReference; lastKnownFileType = sourcecode.swift; path = Current.swift; sourceTree = "<group>"; };
		67A86D072091DDC900223512 /* JsonParser.swift */ = {isa = PBXFileReference; lastKnownFileType = sourcecode.swift; path = JsonParser.swift; sourceTree = "<group>"; };
		67A86D092091E98700223512 /* Forecast5.swift */ = {isa = PBXFileReference; lastKnownFileType = sourcecode.swift; path = Forecast5.swift; sourceTree = "<group>"; };
		67A86D0C2091F96F00223512 /* DatabaseManager.swift */ = {isa = PBXFileReference; lastKnownFileType = sourcecode.swift; path = DatabaseManager.swift; sourceTree = "<group>"; };
		67A86D102091FA6000223512 /* CoreData.framework */ = {isa = PBXFileReference; lastKnownFileType = wrapper.framework; name = CoreData.framework; path = System/Library/Frameworks/CoreData.framework; sourceTree = SDKROOT; };
		67A86D132091FA7400223512 /* Model.xcdatamodel */ = {isa = PBXFileReference; lastKnownFileType = wrapper.xcdatamodel; path = Model.xcdatamodel; sourceTree = "<group>"; };
		67A86D152091FC3400223512 /* ForecastRepository.swift */ = {isa = PBXFileReference; lastKnownFileType = sourcecode.swift; path = ForecastRepository.swift; sourceTree = "<group>"; };
		67A86D1B209205E200223512 /* HomeUseCase.swift */ = {isa = PBXFileReference; lastKnownFileType = sourcecode.swift; path = HomeUseCase.swift; sourceTree = "<group>"; };
		67A86D1D2092086000223512 /* UseCaseRequirements.swift */ = {isa = PBXFileReference; lastKnownFileType = sourcecode.swift; path = UseCaseRequirements.swift; sourceTree = "<group>"; };
		67A86D1F2092089200223512 /* MapUseCase.swift */ = {isa = PBXFileReference; fileEncoding = 4; lastKnownFileType = sourcecode.swift; path = MapUseCase.swift; sourceTree = "<group>"; };
		67A86D21209208EC00223512 /* DetailsUseCase.swift */ = {isa = PBXFileReference; lastKnownFileType = sourcecode.swift; path = DetailsUseCase.swift; sourceTree = "<group>"; };
		67A86D242092130100223512 /* HomeScreenCell.swift */ = {isa = PBXFileReference; lastKnownFileType = sourcecode.swift; path = HomeScreenCell.swift; sourceTree = "<group>"; };
		67A86D27209213E800223512 /* HomeScreenCellModel.swift */ = {isa = PBXFileReference; lastKnownFileType = sourcecode.swift; path = HomeScreenCellModel.swift; sourceTree = "<group>"; };
		67A86D29209216D900223512 /* HomeScreenPresenter.swift */ = {isa = PBXFileReference; lastKnownFileType = sourcecode.swift; path = HomeScreenPresenter.swift; sourceTree = "<group>"; };
		67AB39AB20932DFF0006C453 /* DateFormatterManager.swift */ = {isa = PBXFileReference; lastKnownFileType = sourcecode.swift; path = DateFormatterManager.swift; sourceTree = "<group>"; };
		67AB39AD20933C620006C453 /* DetailsHeaderCell.swift */ = {isa = PBXFileReference; lastKnownFileType = sourcecode.swift; path = DetailsHeaderCell.swift; sourceTree = "<group>"; };
		67AB39AF20934C480006C453 /* JsonParserTests.swift */ = {isa = PBXFileReference; lastKnownFileType = sourcecode.swift; path = JsonParserTests.swift; sourceTree = "<group>"; };
/* End PBXFileReference section */

/* Begin PBXFrameworksBuildPhase section */
		67A86CD52091CB1300223512 /* Frameworks */ = {
			isa = PBXFrameworksBuildPhase;
			buildActionMask = 2147483647;
			files = (
				67A86D112091FA6000223512 /* CoreData.framework in Frameworks */,
			);
			runOnlyForDeploymentPostprocessing = 0;
		};
		67A86CE92091CB1500223512 /* Frameworks */ = {
			isa = PBXFrameworksBuildPhase;
			buildActionMask = 2147483647;
			files = (
			);
			runOnlyForDeploymentPostprocessing = 0;
		};
/* End PBXFrameworksBuildPhase section */

/* Begin PBXGroup section */
		6781A4B12092216B000F0C80 /* Utils */ = {
			isa = PBXGroup;
			children = (
				6781A4B820922385000F0C80 /* Utils.swift */,
				67AB39AB20932DFF0006C453 /* DateFormatterManager.swift */,
			);
			path = Utils;
			sourceTree = "<group>";
		};
		6781A4B220922175000F0C80 /* Core */ = {
			isa = PBXGroup;
			children = (
				67A86CDB2091CB1300223512 /* AppDelegate.swift */,
				67A86CE72091CB1400223512 /* Info.plist */,
				67A86CE42091CB1400223512 /* LaunchScreen.storyboard */,
			);
			path = Core;
			sourceTree = "<group>";
		};
		6781A4B320922282000F0C80 /* TabBar */ = {
			isa = PBXGroup;
			children = (
				6781A4B420922296000F0C80 /* Tabbar.storyboard */,
				6781A4B620922360000F0C80 /* TabBar.swift */,
				6781A4BA209223EC000F0C80 /* TabBarWireframe.swift */,
			);
			path = TabBar;
			sourceTree = "<group>";
		};
		6781A4BC20922A9C000F0C80 /* Map */ = {
			isa = PBXGroup;
			children = (
				6781A4BD20922ABA000F0C80 /* Map.storyboard */,
				6781A4BF20922ACA000F0C80 /* MapVC.swift */,
			);
			path = Map;
			sourceTree = "<group>";
		};
		6781A4C120922BE2000F0C80 /* Map */ = {
			isa = PBXGroup;
			children = (
				6781A4C220922BF8000F0C80 /* MapPresenter.swift */,
			);
			path = Map;
			sourceTree = "<group>";
		};
		6781A4C420930AFB000F0C80 /* Help */ = {
			isa = PBXGroup;
			children = (
				6781A4C720930B2E000F0C80 /* Help.storyboard */,
				6781A4C520930B1F000F0C80 /* HelpVC.swift */,
				6781A4C920930C47000F0C80 /* Help.html */,
				6781A4CB20930F11000F0C80 /* styles.css */,
			);
			path = Help;
			sourceTree = "<group>";
		};
		6781A4CF20930FA5000F0C80 /* Details */ = {
			isa = PBXGroup;
			children = (
				6781A4CD20930F90000F0C80 /* Details.storyboard */,
				6781A4D020930FB7000F0C80 /* DetailsVC.swift */,
				6781A4D220930FD2000F0C80 /* DetailsCell.swift */,
				67AB39AD20933C620006C453 /* DetailsHeaderCell.swift */,
				6781A4DC2093259E000F0C80 /* DetailsWireframe.swift */,
			);
			path = Details;
			sourceTree = "<group>";
		};
		6781A4D4209316C3000F0C80 /* Resources */ = {
			isa = PBXGroup;
			children = (
				6781A4F42093293E000F0C80 /* weather-bg */,
				67A86CE22091CB1400223512 /* Assets.xcassets */,
			);
			path = Resources;
			sourceTree = "<group>";
		};
		6781A4D720931C76000F0C80 /* Details */ = {
			isa = PBXGroup;
			children = (
				6781A4D820931C8C000F0C80 /* DetailsPresenter.swift */,
				6781A4DA20931CE1000F0C80 /* DetailsCellModel.swift */,
			);
			path = Details;
			sourceTree = "<group>";
		};
		6781A4F42093293E000F0C80 /* weather-bg */ = {
			isa = PBXGroup;
			children = (
				6781A4FF2093295A000F0C80 /* 800.jpg */,
				6781A4F520932959000F0C80 /* 801.jpg */,
				6781A4FD2093295A000F0C80 /* atmosphere.jpg */,
				6781A4F920932959000F0C80 /* clouds.jpg */,
				6781A4FC2093295A000F0C80 /* drizzle.jpg */,
				6781A4F720932959000F0C80 /* hurricane.jpg */,
				6781A4FA20932959000F0C80 /* rain.jpg */,
				6781A4FB2093295A000F0C80 /* sleet.jpg */,
				6781A4F620932959000F0C80 /* snow.jpg */,
				6781A4FE2093295A000F0C80 /* thunderstorm.jpg */,
				6781A4F820932959000F0C80 /* tornado.jpg */,
			);
			name = "weather-bg";
			path = "New Group";
			sourceTree = "<group>";
		};
		67A86CCF2091CB1200223512 = {
			isa = PBXGroup;
			children = (
				67A86CDA2091CB1300223512 /* Openweather */,
				67A86CEF2091CB1500223512 /* OpenweatherTests */,
				67A86CD92091CB1300223512 /* Products */,
				67A86D0F2091FA6000223512 /* Frameworks */,
			);
			sourceTree = "<group>";
		};
		67A86CD92091CB1300223512 /* Products */ = {
			isa = PBXGroup;
			children = (
				67A86CD82091CB1300223512 /* Openweather.app */,
				67A86CEC2091CB1500223512 /* OpenweatherTests.xctest */,
			);
			name = Products;
			sourceTree = "<group>";
		};
		67A86CDA2091CB1300223512 /* Openweather */ = {
			isa = PBXGroup;
			children = (
				67A86CFB2091CBD300223512 /* UI */,
				67A86CFC2091CBDE00223512 /* Presentation */,
				67A86D0E2091F97D00223512 /* Database */,
				67A86CFE2091CC5F00223512 /* Network */,
				67A86D1A2092059E00223512 /* UseCase */,
				67A86CFD2091CBF300223512 /* Model */,
				6781A4B12092216B000F0C80 /* Utils */,
				6781A4B220922175000F0C80 /* Core */,
				6781A4D4209316C3000F0C80 /* Resources */,
			);
			path = Openweather;
			sourceTree = "<group>";
		};
		67A86CEF2091CB1500223512 /* OpenweatherTests */ = {
			isa = PBXGroup;
			children = (
				67AB39AF20934C480006C453 /* JsonParserTests.swift */,
				67A86CF22091CB1500223512 /* Info.plist */,
			);
			path = OpenweatherTests;
			sourceTree = "<group>";
		};
		67A86CFB2091CBD300223512 /* UI */ = {
			isa = PBXGroup;
			children = (
				6781A4B320922282000F0C80 /* TabBar */,
				67A86D23209212D400223512 /* HomeScreen */,
				6781A4CF20930FA5000F0C80 /* Details */,
				6781A4BC20922A9C000F0C80 /* Map */,
				6781A4C420930AFB000F0C80 /* Help */,
			);
			path = UI;
			sourceTree = "<group>";
		};
		67A86CFC2091CBDE00223512 /* Presentation */ = {
			isa = PBXGroup;
			children = (
				67A86D26209213DA00223512 /* HomeScreen */,
				6781A4C120922BE2000F0C80 /* Map */,
				6781A4D720931C76000F0C80 /* Details */,
			);
			path = Presentation;
			sourceTree = "<group>";
		};
		67A86CFD2091CBF300223512 /* Model */ = {
			isa = PBXGroup;
			children = (
				67A86D032091D69400223512 /* Forecast.swift */,
			);
			path = Model;
			sourceTree = "<group>";
		};
		67A86CFE2091CC5F00223512 /* Network */ = {
			isa = PBXGroup;
			children = (
				67A86D0B2091F40E00223512 /* Requests */,
				67A86D192091FF1500223512 /* Core */,
			);
			path = Network;
			sourceTree = "<group>";
		};
		67A86D0B2091F40E00223512 /* Requests */ = {
			isa = PBXGroup;
			children = (
				67A86D052091D91C00223512 /* Current.swift */,
				67A86D092091E98700223512 /* Forecast5.swift */,
			);
			path = Requests;
			sourceTree = "<group>";
		};
		67A86D0E2091F97D00223512 /* Database */ = {
			isa = PBXGroup;
			children = (
				67A86D172091FEF500223512 /* Repositories */,
				67A86D182091FF0A00223512 /* Core */,
			);
			path = Database;
			sourceTree = "<group>";
		};
		67A86D0F2091FA6000223512 /* Frameworks */ = {
			isa = PBXGroup;
			children = (
				67A86D102091FA6000223512 /* CoreData.framework */,
			);
			name = Frameworks;
			sourceTree = "<group>";
		};
		67A86D172091FEF500223512 /* Repositories */ = {
			isa = PBXGroup;
			children = (
				67A86D152091FC3400223512 /* ForecastRepository.swift */,
			);
			path = Repositories;
			sourceTree = "<group>";
		};
		67A86D182091FF0A00223512 /* Core */ = {
			isa = PBXGroup;
			children = (
				67A86D0C2091F96F00223512 /* DatabaseManager.swift */,
				67A86D122091FA7400223512 /* Main.xcdatamodeld */,
			);
			path = Core;
			sourceTree = "<group>";
		};
		67A86D192091FF1500223512 /* Core */ = {
			isa = PBXGroup;
			children = (
				67A86CFF2091CCAB00223512 /* NetworkManager.swift */,
				67A86D012091D2DC00223512 /* URLs.swift */,
				67A86D072091DDC900223512 /* JsonParser.swift */,
			);
			path = Core;
			sourceTree = "<group>";
		};
		67A86D1A2092059E00223512 /* UseCase */ = {
			isa = PBXGroup;
			children = (
				67A86D1D2092086000223512 /* UseCaseRequirements.swift */,
				67A86D1B209205E200223512 /* HomeUseCase.swift */,
				67A86D1F2092089200223512 /* MapUseCase.swift */,
				67A86D21209208EC00223512 /* DetailsUseCase.swift */,
			);
			path = UseCase;
			sourceTree = "<group>";
		};
		67A86D23209212D400223512 /* HomeScreen */ = {
			isa = PBXGroup;
			children = (
				67A86CDF2091CB1300223512 /* Home.storyboard */,
				67A86CDD2091CB1300223512 /* HomeScreenVC.swift */,
				67A86D242092130100223512 /* HomeScreenCell.swift */,
			);
			path = HomeScreen;
			sourceTree = "<group>";
		};
		67A86D26209213DA00223512 /* HomeScreen */ = {
			isa = PBXGroup;
			children = (
				67A86D29209216D900223512 /* HomeScreenPresenter.swift */,
				67A86D27209213E800223512 /* HomeScreenCellModel.swift */,
			);
			path = HomeScreen;
			sourceTree = "<group>";
		};
/* End PBXGroup section */

/* Begin PBXNativeTarget section */
		67A86CD72091CB1300223512 /* Openweather */ = {
			isa = PBXNativeTarget;
			buildConfigurationList = 67A86CF52091CB1500223512 /* Build configuration list for PBXNativeTarget "Openweather" */;
			buildPhases = (
				67A86CD42091CB1300223512 /* Sources */,
				67A86CD52091CB1300223512 /* Frameworks */,
				67A86CD62091CB1300223512 /* Resources */,
			);
			buildRules = (
			);
			dependencies = (
			);
			name = Openweather;
			productName = Openweather;
			productReference = 67A86CD82091CB1300223512 /* Openweather.app */;
			productType = "com.apple.product-type.application";
		};
		67A86CEB2091CB1500223512 /* OpenweatherTests */ = {
			isa = PBXNativeTarget;
			buildConfigurationList = 67A86CF82091CB1500223512 /* Build configuration list for PBXNativeTarget "OpenweatherTests" */;
			buildPhases = (
				67A86CE82091CB1500223512 /* Sources */,
				67A86CE92091CB1500223512 /* Frameworks */,
				67A86CEA2091CB1500223512 /* Resources */,
			);
			buildRules = (
			);
			dependencies = (
				67A86CEE2091CB1500223512 /* PBXTargetDependency */,
			);
			name = OpenweatherTests;
			productName = OpenweatherTests;
			productReference = 67A86CEC2091CB1500223512 /* OpenweatherTests.xctest */;
			productType = "com.apple.product-type.bundle.unit-test";
		};
/* End PBXNativeTarget section */

/* Begin PBXProject section */
		67A86CD02091CB1200223512 /* Project object */ = {
			isa = PBXProject;
			attributes = {
				LastSwiftUpdateCheck = 0930;
				LastUpgradeCheck = 0930;
				ORGANIZATIONNAME = "Oleksii Horishnii";
				TargetAttributes = {
					67A86CD72091CB1300223512 = {
						CreatedOnToolsVersion = 9.3;
					};
					67A86CEB2091CB1500223512 = {
						CreatedOnToolsVersion = 9.3;
						TestTargetID = 67A86CD72091CB1300223512;
					};
				};
			};
			buildConfigurationList = 67A86CD32091CB1200223512 /* Build configuration list for PBXProject "Openweather" */;
			compatibilityVersion = "Xcode 9.3";
			developmentRegion = en;
			hasScannedForEncodings = 0;
			knownRegions = (
				en,
				Base,
			);
			mainGroup = 67A86CCF2091CB1200223512;
			productRefGroup = 67A86CD92091CB1300223512 /* Products */;
			projectDirPath = "";
			projectRoot = "";
			targets = (
				67A86CD72091CB1300223512 /* Openweather */,
				67A86CEB2091CB1500223512 /* OpenweatherTests */,
			);
		};
/* End PBXProject section */

/* Begin PBXResourcesBuildPhase section */
		67A86CD62091CB1300223512 /* Resources */ = {
			isa = PBXResourcesBuildPhase;
			buildActionMask = 2147483647;
			files = (
				6781A4B520922296000F0C80 /* Tabbar.storyboard in Resources */,
				6781A5052093295A000F0C80 /* rain.jpg in Resources */,
				6781A5072093295A000F0C80 /* drizzle.jpg in Resources */,
				6781A5092093295A000F0C80 /* thunderstorm.jpg in Resources */,
				6781A5022093295A000F0C80 /* hurricane.jpg in Resources */,
				6781A4CE20930F90000F0C80 /* Details.storyboard in Resources */,
				6781A4C820930B2E000F0C80 /* Help.storyboard in Resources */,
				6781A5062093295A000F0C80 /* sleet.jpg in Resources */,
				67A86CE62091CB1400223512 /* LaunchScreen.storyboard in Resources */,
				6781A4BE20922ABB000F0C80 /* Map.storyboard in Resources */,
				67A86CE32091CB1400223512 /* Assets.xcassets in Resources */,
				6781A5012093295A000F0C80 /* snow.jpg in Resources */,
				6781A4CC20930F11000F0C80 /* styles.css in Resources */,
				6781A5002093295A000F0C80 /* 801.jpg in Resources */,
				6781A5082093295A000F0C80 /* atmosphere.jpg in Resources */,
				67A86CE12091CB1300223512 /* Home.storyboard in Resources */,
				6781A5032093295A000F0C80 /* tornado.jpg in Resources */,
				6781A4CA20930C47000F0C80 /* Help.html in Resources */,
				6781A50A2093295A000F0C80 /* 800.jpg in Resources */,
				6781A5042093295A000F0C80 /* clouds.jpg in Resources */,
			);
			runOnlyForDeploymentPostprocessing = 0;
		};
		67A86CEA2091CB1500223512 /* Resources */ = {
			isa = PBXResourcesBuildPhase;
			buildActionMask = 2147483647;
			files = (
			);
			runOnlyForDeploymentPostprocessing = 0;
		};
/* End PBXResourcesBuildPhase section */

/* Begin PBXSourcesBuildPhase section */
		67A86CD42091CB1300223512 /* Sources */ = {
			isa = PBXSourcesBuildPhase;
			buildActionMask = 2147483647;
			files = (
				67A86D062091D91C00223512 /* Current.swift in Sources */,
				6781A4C320922BF8000F0C80 /* MapPresenter.swift in Sources */,
				6781A4D320930FD2000F0C80 /* DetailsCell.swift in Sources */,
				67A86D002091CCAB00223512 /* NetworkManager.swift in Sources */,
				67AB39AE20933C620006C453 /* DetailsHeaderCell.swift in Sources */,
				6781A4B720922360000F0C80 /* TabBar.swift in Sources */,
				67A86CDE2091CB1300223512 /* HomeScreenVC.swift in Sources */,
				67A86D1C209205E200223512 /* HomeUseCase.swift in Sources */,
				6781A4C020922ACA000F0C80 /* MapVC.swift in Sources */,
				67A86D28209213E800223512 /* HomeScreenCellModel.swift in Sources */,
				67A86D1E2092086000223512 /* UseCaseRequirements.swift in Sources */,
				6781A4C620930B1F000F0C80 /* HelpVC.swift in Sources */,
				6781A4DD2093259E000F0C80 /* DetailsWireframe.swift in Sources */,
				6781A4BB209223EC000F0C80 /* TabBarWireframe.swift in Sources */,
				67A86CDC2091CB1300223512 /* AppDelegate.swift in Sources */,
				67A86D2A209216D900223512 /* HomeScreenPresenter.swift in Sources */,
				67A86D022091D2DC00223512 /* URLs.swift in Sources */,
				67A86D082091DDC900223512 /* JsonParser.swift in Sources */,
				67A86D252092130100223512 /* HomeScreenCell.swift in Sources */,
				6781A4D920931C8C000F0C80 /* DetailsPresenter.swift in Sources */,
				67A86D0A2091E98700223512 /* Forecast5.swift in Sources */,
				67A86D162091FC3400223512 /* ForecastRepository.swift in Sources */,
				6781A4DB20931CE1000F0C80 /* DetailsCellModel.swift in Sources */,
				67A86D142091FA7400223512 /* Main.xcdatamodeld in Sources */,
				6781A4D120930FB7000F0C80 /* DetailsVC.swift in Sources */,
				67AB39AC20932DFF0006C453 /* DateFormatterManager.swift in Sources */,
				6781A4B920922385000F0C80 /* Utils.swift in Sources */,
				67A86D042091D69400223512 /* Forecast.swift in Sources */,
				67A86D22209208EC00223512 /* DetailsUseCase.swift in Sources */,
				67A86D202092089200223512 /* MapUseCase.swift in Sources */,
				67A86D0D2091F96F00223512 /* DatabaseManager.swift in Sources */,
			);
			runOnlyForDeploymentPostprocessing = 0;
		};
		67A86CE82091CB1500223512 /* Sources */ = {
			isa = PBXSourcesBuildPhase;
			buildActionMask = 2147483647;
			files = (
				67AB39B020934C480006C453 /* JsonParserTests.swift in Sources */,
			);
			runOnlyForDeploymentPostprocessing = 0;
		};
/* End PBXSourcesBuildPhase section */

/* Begin PBXTargetDependency section */
		67A86CEE2091CB1500223512 /* PBXTargetDependency */ = {
			isa = PBXTargetDependency;
			target = 67A86CD72091CB1300223512 /* Openweather */;
			targetProxy = 67A86CED2091CB1500223512 /* PBXContainerItemProxy */;
		};
/* End PBXTargetDependency section */

/* Begin PBXVariantGroup section */
		67A86CDF2091CB1300223512 /* Home.storyboard */ = {
			isa = PBXVariantGroup;
			children = (
				67A86CE02091CB1300223512 /* Base */,
			);
			name = Home.storyboard;
			sourceTree = "<group>";
		};
		67A86CE42091CB1400223512 /* LaunchScreen.storyboard */ = {
			isa = PBXVariantGroup;
			children = (
				67A86CE52091CB1400223512 /* Base */,
			);
			name = LaunchScreen.storyboard;
			sourceTree = "<group>";
		};
/* End PBXVariantGroup section */

/* Begin XCBuildConfiguration section */
		67A86CF32091CB1500223512 /* Debug */ = {
			isa = XCBuildConfiguration;
			buildSettings = {
				ALWAYS_SEARCH_USER_PATHS = NO;
				CLANG_ANALYZER_NONNULL = YES;
				CLANG_ANALYZER_NUMBER_OBJECT_CONVERSION = YES_AGGRESSIVE;
				CLANG_CXX_LANGUAGE_STANDARD = "gnu++14";
				CLANG_CXX_LIBRARY = "libc++";
				CLANG_ENABLE_MODULES = YES;
				CLANG_ENABLE_OBJC_ARC = YES;
				CLANG_ENABLE_OBJC_WEAK = YES;
				CLANG_WARN_BLOCK_CAPTURE_AUTORELEASING = YES;
				CLANG_WARN_BOOL_CONVERSION = YES;
				CLANG_WARN_COMMA = YES;
				CLANG_WARN_CONSTANT_CONVERSION = YES;
				CLANG_WARN_DEPRECATED_OBJC_IMPLEMENTATIONS = YES;
				CLANG_WARN_DIRECT_OBJC_ISA_USAGE = YES_ERROR;
				CLANG_WARN_DOCUMENTATION_COMMENTS = YES;
				CLANG_WARN_EMPTY_BODY = YES;
				CLANG_WARN_ENUM_CONVERSION = YES;
				CLANG_WARN_INFINITE_RECURSION = YES;
				CLANG_WARN_INT_CONVERSION = YES;
				CLANG_WARN_NON_LITERAL_NULL_CONVERSION = YES;
				CLANG_WARN_OBJC_IMPLICIT_RETAIN_SELF = YES;
				CLANG_WARN_OBJC_LITERAL_CONVERSION = YES;
				CLANG_WARN_OBJC_ROOT_CLASS = YES_ERROR;
				CLANG_WARN_RANGE_LOOP_ANALYSIS = YES;
				CLANG_WARN_STRICT_PROTOTYPES = YES;
				CLANG_WARN_SUSPICIOUS_MOVE = YES;
				CLANG_WARN_UNGUARDED_AVAILABILITY = YES_AGGRESSIVE;
				CLANG_WARN_UNREACHABLE_CODE = YES;
				CLANG_WARN__DUPLICATE_METHOD_MATCH = YES;
				CODE_SIGN_IDENTITY = "iPhone Developer";
				COPY_PHASE_STRIP = NO;
				DEBUG_INFORMATION_FORMAT = dwarf;
				ENABLE_STRICT_OBJC_MSGSEND = YES;
				ENABLE_TESTABILITY = YES;
				GCC_C_LANGUAGE_STANDARD = gnu11;
				GCC_DYNAMIC_NO_PIC = NO;
				GCC_NO_COMMON_BLOCKS = YES;
				GCC_OPTIMIZATION_LEVEL = 0;
				GCC_PREPROCESSOR_DEFINITIONS = (
					"DEBUG=1",
					"$(inherited)",
				);
				GCC_WARN_64_TO_32_BIT_CONVERSION = YES;
				GCC_WARN_ABOUT_RETURN_TYPE = YES_ERROR;
				GCC_WARN_UNDECLARED_SELECTOR = YES;
				GCC_WARN_UNINITIALIZED_AUTOS = YES_AGGRESSIVE;
				GCC_WARN_UNUSED_FUNCTION = YES;
				GCC_WARN_UNUSED_VARIABLE = YES;
				IPHONEOS_DEPLOYMENT_TARGET = 11.3;
				MTL_ENABLE_DEBUG_INFO = YES;
				ONLY_ACTIVE_ARCH = YES;
				SDKROOT = iphoneos;
				SWIFT_ACTIVE_COMPILATION_CONDITIONS = DEBUG;
				SWIFT_OPTIMIZATION_LEVEL = "-Onone";
			};
			name = Debug;
		};
		67A86CF42091CB1500223512 /* Release */ = {
			isa = XCBuildConfiguration;
			buildSettings = {
				ALWAYS_SEARCH_USER_PATHS = NO;
				CLANG_ANALYZER_NONNULL = YES;
				CLANG_ANALYZER_NUMBER_OBJECT_CONVERSION = YES_AGGRESSIVE;
				CLANG_CXX_LANGUAGE_STANDARD = "gnu++14";
				CLANG_CXX_LIBRARY = "libc++";
				CLANG_ENABLE_MODULES = YES;
				CLANG_ENABLE_OBJC_ARC = YES;
				CLANG_ENABLE_OBJC_WEAK = YES;
				CLANG_WARN_BLOCK_CAPTURE_AUTORELEASING = YES;
				CLANG_WARN_BOOL_CONVERSION = YES;
				CLANG_WARN_COMMA = YES;
				CLANG_WARN_CONSTANT_CONVERSION = YES;
				CLANG_WARN_DEPRECATED_OBJC_IMPLEMENTATIONS = YES;
				CLANG_WARN_DIRECT_OBJC_ISA_USAGE = YES_ERROR;
				CLANG_WARN_DOCUMENTATION_COMMENTS = YES;
				CLANG_WARN_EMPTY_BODY = YES;
				CLANG_WARN_ENUM_CONVERSION = YES;
				CLANG_WARN_INFINITE_RECURSION = YES;
				CLANG_WARN_INT_CONVERSION = YES;
				CLANG_WARN_NON_LITERAL_NULL_CONVERSION = YES;
				CLANG_WARN_OBJC_IMPLICIT_RETAIN_SELF = YES;
				CLANG_WARN_OBJC_LITERAL_CONVERSION = YES;
				CLANG_WARN_OBJC_ROOT_CLASS = YES_ERROR;
				CLANG_WARN_RANGE_LOOP_ANALYSIS = YES;
				CLANG_WARN_STRICT_PROTOTYPES = YES;
				CLANG_WARN_SUSPICIOUS_MOVE = YES;
				CLANG_WARN_UNGUARDED_AVAILABILITY = YES_AGGRESSIVE;
				CLANG_WARN_UNREACHABLE_CODE = YES;
				CLANG_WARN__DUPLICATE_METHOD_MATCH = YES;
				CODE_SIGN_IDENTITY = "iPhone Developer";
				COPY_PHASE_STRIP = NO;
				DEBUG_INFORMATION_FORMAT = "dwarf-with-dsym";
				ENABLE_NS_ASSERTIONS = NO;
				ENABLE_STRICT_OBJC_MSGSEND = YES;
				GCC_C_LANGUAGE_STANDARD = gnu11;
				GCC_NO_COMMON_BLOCKS = YES;
				GCC_WARN_64_TO_32_BIT_CONVERSION = YES;
				GCC_WARN_ABOUT_RETURN_TYPE = YES_ERROR;
				GCC_WARN_UNDECLARED_SELECTOR = YES;
				GCC_WARN_UNINITIALIZED_AUTOS = YES_AGGRESSIVE;
				GCC_WARN_UNUSED_FUNCTION = YES;
				GCC_WARN_UNUSED_VARIABLE = YES;
				IPHONEOS_DEPLOYMENT_TARGET = 11.3;
				MTL_ENABLE_DEBUG_INFO = NO;
				SDKROOT = iphoneos;
				SWIFT_COMPILATION_MODE = wholemodule;
				SWIFT_OPTIMIZATION_LEVEL = "-O";
				VALIDATE_PRODUCT = YES;
			};
			name = Release;
		};
		67A86CF62091CB1500223512 /* Debug */ = {
			isa = XCBuildConfiguration;
			buildSettings = {
				ASSETCATALOG_COMPILER_APPICON_NAME = AppIcon;
				CODE_SIGN_STYLE = Automatic;
				DEVELOPMENT_TEAM = 4E5RGWF5Z6;
				INFOPLIST_FILE = Openweather/Core/Info.plist;
				LD_RUNPATH_SEARCH_PATHS = (
					"$(inherited)",
					"@executable_path/Frameworks",
				);
				PRODUCT_BUNDLE_IDENTIFIER = levi9.Openweather;
				PRODUCT_NAME = "$(TARGET_NAME)";
				SWIFT_VERSION = 4.0;
				TARGETED_DEVICE_FAMILY = "1,2";
			};
			name = Debug;
		};
		67A86CF72091CB1500223512 /* Release */ = {
			isa = XCBuildConfiguration;
			buildSettings = {
				ASSETCATALOG_COMPILER_APPICON_NAME = AppIcon;
				CODE_SIGN_STYLE = Automatic;
				DEVELOPMENT_TEAM = 4E5RGWF5Z6;
				INFOPLIST_FILE = Openweather/Core/Info.plist;
				LD_RUNPATH_SEARCH_PATHS = (
					"$(inherited)",
					"@executable_path/Frameworks",
				);
				PRODUCT_BUNDLE_IDENTIFIER = levi9.Openweather;
				PRODUCT_NAME = "$(TARGET_NAME)";
				SWIFT_VERSION = 4.0;
				TARGETED_DEVICE_FAMILY = "1,2";
			};
			name = Release;
		};
		67A86CF92091CB1500223512 /* Debug */ = {
			isa = XCBuildConfiguration;
			buildSettings = {
				ALWAYS_EMBED_SWIFT_STANDARD_LIBRARIES = YES;
				BUNDLE_LOADER = "$(TEST_HOST)";
				CODE_SIGN_STYLE = Automatic;
				DEVELOPMENT_TEAM = 4E5RGWF5Z6;
				INFOPLIST_FILE = OpenweatherTests/Info.plist;
				LD_RUNPATH_SEARCH_PATHS = (
					"$(inherited)",
					"@executable_path/Frameworks",
					"@loader_path/Frameworks",
				);
				PRODUCT_BUNDLE_IDENTIFIER = levi9.OpenweatherTests;
				PRODUCT_NAME = "$(TARGET_NAME)";
				SWIFT_VERSION = 4.0;
				TARGETED_DEVICE_FAMILY = "1,2";
				TEST_HOST = "$(BUILT_PRODUCTS_DIR)/Openweather.app/Openweather";
			};
			name = Debug;
		};
		67A86CFA2091CB1500223512 /* Release */ = {
			isa = XCBuildConfiguration;
			buildSettings = {
				ALWAYS_EMBED_SWIFT_STANDARD_LIBRARIES = YES;
				BUNDLE_LOADER = "$(TEST_HOST)";
				CODE_SIGN_STYLE = Automatic;
				DEVELOPMENT_TEAM = 4E5RGWF5Z6;
				INFOPLIST_FILE = OpenweatherTests/Info.plist;
				LD_RUNPATH_SEARCH_PATHS = (
					"$(inherited)",
					"@executable_path/Frameworks",
					"@loader_path/Frameworks",
				);
				PRODUCT_BUNDLE_IDENTIFIER = levi9.OpenweatherTests;
				PRODUCT_NAME = "$(TARGET_NAME)";
				SWIFT_VERSION = 4.0;
				TARGETED_DEVICE_FAMILY = "1,2";
				TEST_HOST = "$(BUILT_PRODUCTS_DIR)/Openweather.app/Openweather";
			};
			name = Release;
		};
/* End XCBuildConfiguration section */

/* Begin XCConfigurationList section */
		67A86CD32091CB1200223512 /* Build configuration list for PBXProject "Openweather" */ = {
			isa = XCConfigurationList;
			buildConfigurations = (
				67A86CF32091CB1500223512 /* Debug */,
				67A86CF42091CB1500223512 /* Release */,
			);
			defaultConfigurationIsVisible = 0;
			defaultConfigurationName = Release;
		};
		67A86CF52091CB1500223512 /* Build configuration list for PBXNativeTarget "Openweather" */ = {
			isa = XCConfigurationList;
			buildConfigurations = (
				67A86CF62091CB1500223512 /* Debug */,
				67A86CF72091CB1500223512 /* Release */,
			);
			defaultConfigurationIsVisible = 0;
			defaultConfigurationName = Release;
		};
		67A86CF82091CB1500223512 /* Build configuration list for PBXNativeTarget "OpenweatherTests" */ = {
			isa = XCConfigurationList;
			buildConfigurations = (
				67A86CF92091CB1500223512 /* Debug */,
				67A86CFA2091CB1500223512 /* Release */,
			);
			defaultConfigurationIsVisible = 0;
			defaultConfigurationName = Release;
		};
/* End XCConfigurationList section */

/* Begin XCVersionGroup section */
		67A86D122091FA7400223512 /* Main.xcdatamodeld */ = {
			isa = XCVersionGroup;
			children = (
				67A86D132091FA7400223512 /* Model.xcdatamodel */,
			);
			currentVersion = 67A86D132091FA7400223512 /* Model.xcdatamodel */;
			path = Main.xcdatamodeld;
			sourceTree = "<group>";
			versionGroupType = wrapper.xcdatamodel;
		};
/* End XCVersionGroup section */
	};
	rootObject = 67A86CD02091CB1200223512 /* Project object */;
}
